# Generated from the verified Python 3.13 development environment.
annotated-doc==0.0.4
annotated-types==0.7.0
boolean.py==5.0
CacheControl==0.14.4
certifi==2026.6.17
charset-normalizer==3.4.9
click==8.4.2
colorama==0.4.6
coverage==7.15.2
cyclonedx-python-lib==11.11.0
defusedxml==0.7.1
deptry==0.25.1
filelock==3.31.2
grimp==3.15
hatchling==1.31.0
idna==3.18
import-linter==2.13
iniconfig==2.3.0
Jinja2==3.1.6
librt==0.13.0
license-expression==30.4.4
markdown-it-py==4.2.0
MarkupSafe==3.0.3
mdurl==0.1.2
msgpack==1.2.1
mypy==1.20.2
mypy_extensions==1.1.0
nodeenv==1.10.0
packageurl-python==0.17.6
packaging==26.2
pathspec==1.1.1
pip-api==0.0.34
pip-requirements-parser==32.0.1
pip_audit==2.10.1
platformdirs==4.10.1
pluggy==1.6.0
py-serializable==2.1.0
pydantic==2.13.4
pydantic_core==2.46.4
Pygments==2.20.0
pyparsing==3.3.2
pytest==9.1.1
pytest-cov==7.1.0
pytest-qt==4.5.0
pyright==1.1.411
PySide6==6.11.1
PySide6_Addons==6.11.1
PySide6_Essentials==6.11.1
QtAwesome==1.4.2
QtPy==2.4.3
requests==2.34.2
requirements-parser==0.13.1
rich==14.3.4
ruamel.yaml==0.18.17
ruamel.yaml.clib==0.2.15
ruff==0.15.22
shellingham==1.5.4
shiboken6==6.11.1
sortedcontainers==2.4.0
tomli==2.4.1
tomli_w==1.2.0
trove-classifiers==2026.6.1.19
typer==0.27.0
typing-inspection==0.4.2
typing_extensions==4.16.0
urllib3==2.7.0
